{
  "name": "bootstrap-upgrade-from-v-3-to-v-4",
  "version": "1.0.0",
  "lockfileVersion": 1,
  "requires": true,
  "dependencies": {
    "balanced-match": {
      "version": "1.0.0",
      "resolved": "https://registry.npmjs.org/balanced-match/-/balanced-match-1.0.0.tgz",
      "integrity": "sha1-ibTRmasr7kneFk6gK4nORi1xt2c="
    },
    "brace-expansion": {
      "version": "1.1.11",
      "resolved": "https://registry.npmjs.org/brace-expansion/-/brace-expansion-1.1.11.tgz",
      "integrity": "sha512-iCuPHDFgrHX7H2vEI/5xpz07zSHB00TpugqhmYtVmMO6518mCuRMoOYFldEBl0g187ufozdaHgWKcYFb61qGiA==",
      "requires": {
        "balanced-match": "1.0.0",
        "concat-map": "0.0.1"
      }
    },
    "clone": {
      "version": "2.1.2",
      "resolved": "https://registry.npmjs.org/clone/-/clone-2.1.2.tgz",
      "integrity": "sha1-G39Ln1kfHo+DZwQBYANFoCiHQ18="
    },
    "concat-map": {
      "version": "0.0.1",
      "resolved": "https://registry.npmjs.org/concat-map/-/concat-map-0.0.1.tgz",
      "integrity": "sha1-2Klr13/Wjfd5OnMDajug1UBdR3s="
    },
    "core-util-is": {
      "version": "1.0.2",
      "resolved": "https://registry.npmjs.org/core-util-is/-/core-util-is-1.0.2.tgz",
      "integrity": "sha1-tf1UIgqivFq1eqtxQMlAdUUDwac="
    },
    "enfs": {
      "version": "1.0.0",
      "resolved": "https://registry.npmjs.org/enfs/-/enfs-1.0.0.tgz",
      "integrity": "sha1-dgciZDurEDS8qHkOakyghwAHuLo=",
      "requires": {
        "enfscompare": "1.0.0",
        "enfscopy": "1.0.1",
        "enfsensure": "1.0.0",
        "enfsfind": "1.0.0",
        "enfslist": "1.0.0",
        "enfsmkdirp": "1.0.0",
        "enfsmove": "1.0.0",
        "enfspatch": "1.0.1",
        "rimraf": "2.6.2"
      }
    },
    "enfsaddins": {
      "version": "1.0.1",
      "resolved": "https://registry.npmjs.org/enfsaddins/-/enfsaddins-1.0.1.tgz",
      "integrity": "sha1-axLRtYWNlvRaCfypBP1EjuYIOoo="
    },
    "enfscompare": {
      "version": "1.0.0",
      "resolved": "https://registry.npmjs.org/enfscompare/-/enfscompare-1.0.0.tgz",
      "integrity": "sha1-5IuwKPMuL0AOLEgTqsZtijjtaG4=",
      "requires": {
        "enfslist": "1.0.0",
        "enfspatch": "1.0.1"
      }
    },
    "enfscopy": {
      "version": "1.0.1",
      "resolved": "https://registry.npmjs.org/enfscopy/-/enfscopy-1.0.1.tgz",
      "integrity": "sha1-Vsg3izZiba4WmilaZEEBrZFiFn4=",
      "requires": {
        "enfsfind": "1.0.0",
        "enfsmkdirp": "1.0.0",
        "enfspatch": "1.0.1"
      }
    },
    "enfsensure": {
      "version": "1.0.0",
      "resolved": "https://registry.npmjs.org/enfsensure/-/enfsensure-1.0.0.tgz",
      "integrity": "sha1-g0zYDRYauCorGx9iq/hm2aLdpWE=",
      "requires": {
        "enfsmkdirp": "1.0.0",
        "enfspatch": "1.0.1"
      }
    },
    "enfsfind": {
      "version": "1.0.0",
      "resolved": "https://registry.npmjs.org/enfsfind/-/enfsfind-1.0.0.tgz",
      "integrity": "sha1-Hjg9HRpOoIND8fX2XygEYThWHww=",
      "requires": {
        "enfslist": "1.0.0",
        "enfspatch": "1.0.1"
      }
    },
    "enfslist": {
      "version": "1.0.0",
      "resolved": "https://registry.npmjs.org/enfslist/-/enfslist-1.0.0.tgz",
      "integrity": "sha1-zk2CQc+zJh1YivAIQc4TRUOuHFk=",
      "requires": {
        "enfspatch": "1.0.1"
      }
    },
    "enfsmkdirp": {
      "version": "1.0.0",
      "resolved": "https://registry.npmjs.org/enfsmkdirp/-/enfsmkdirp-1.0.0.tgz",
      "integrity": "sha1-Q0FbYAtGKZ6pjId6iLPyiAsR4Ak=",
      "requires": {
        "brace-expansion": "1.1.11",
        "enfspatch": "1.0.1"
      }
    },
    "enfsmove": {
      "version": "1.0.0",
      "resolved": "https://registry.npmjs.org/enfsmove/-/enfsmove-1.0.0.tgz",
      "integrity": "sha1-rgtrZ8J0xB41Ceryc+6UE45l+kI=",
      "requires": {
        "enfscopy": "1.0.1",
        "enfsmkdirp": "1.0.0",
        "enfspatch": "1.0.1",
        "rimraf": "2.6.2"
      }
    },
    "enfspatch": {
      "version": "1.0.1",
      "resolved": "https://registry.npmjs.org/enfspatch/-/enfspatch-1.0.1.tgz",
      "integrity": "sha1-VqKavZKkrxQhWLSIsMfxTMWcf+k=",
      "requires": {
        "clone": "2.1.2",
        "enfsaddins": "1.0.1"
      }
    },
    "fs-readdir-recursive": {
      "version": "1.1.0",
      "resolved": "https://registry.npmjs.org/fs-readdir-recursive/-/fs-readdir-recursive-1.1.0.tgz",
      "integrity": "sha512-GNanXlVr2pf02+sPN40XN8HG+ePaNcvM0q5mZBd668Obwb0yD5GiUbZOFgwn8kGMY6I3mdyDJzieUy3PTYyTRA=="
    },
    "fs.realpath": {
      "version": "1.0.0",
      "resolved": "https://registry.npmjs.org/fs.realpath/-/fs.realpath-1.0.0.tgz",
      "integrity": "sha1-FQStJSMVjKpA20onh8sBQRmU6k8="
    },
    "glob": {
      "version": "7.1.2",
      "resolved": "https://registry.npmjs.org/glob/-/glob-7.1.2.tgz",
      "integrity": "sha512-MJTUg1kjuLeQCJ+ccE4Vpa6kKVXkPYJ2mOCQyUuKLcLQsdrMCpBPUi8qVE6+YuaJkozeA9NusTAw3hLr8Xe5EQ==",
      "requires": {
        "fs.realpath": "1.0.0",
        "inflight": "1.0.6",
        "inherits": "2.0.3",
        "minimatch": "3.0.4",
        "once": "1.4.0",
        "path-is-absolute": "1.0.1"
      }
    },
    "graceful-fs": {
      "version": "4.1.11",
      "resolved": "https://registry.npmjs.org/graceful-fs/-/graceful-fs-4.1.11.tgz",
      "integrity": "sha1-Dovf5NHduIVNZOBOp8AOKgJuVlg="
    },
    "inflight": {
      "version": "1.0.6",
      "resolved": "https://registry.npmjs.org/inflight/-/inflight-1.0.6.tgz",
      "integrity": "sha1-Sb1jMdfQLQwJvJEKEHW6gWW1bfk=",
      "requires": {
        "once": "1.4.0",
        "wrappy": "1.0.2"
      }
    },
    "inherits": {
      "version": "2.0.3",
      "resolved": "https://registry.npmjs.org/inherits/-/inherits-2.0.3.tgz",
      "integrity": "sha1-Yzwsg+PaQqUC9SRmAiSA9CCCYd4="
    },
    "isarray": {
      "version": "1.0.0",
      "resolved": "https://registry.npmjs.org/isarray/-/isarray-1.0.0.tgz",
      "integrity": "sha1-u5NdSFgsuhaMBoNJV6VKPgcSTxE="
    },
    "makeerror": {
      "version": "1.0.11",
      "resolved": "https://registry.npmjs.org/makeerror/-/makeerror-1.0.11.tgz",
      "integrity": "sha1-4BpckQnyr3lmDk6LlYd5AYT1qWw=",
      "requires": {
        "tmpl": "1.0.4"
      }
    },
    "minimatch": {
      "version": "3.0.4",
      "resolved": "https://registry.npmjs.org/minimatch/-/minimatch-3.0.4.tgz",
      "integrity": "sha512-yJHVQEhyqPLUTgt9B83PXu6W3rx4MvvHvSUvToogpwoGDOUQ+yDrR0HRot+yOCdCO7u4hX3pWft6kWBBcqh0UA==",
      "requires": {
        "brace-expansion": "1.1.11"
      }
    },
    "once": {
      "version": "1.4.0",
      "resolved": "https://registry.npmjs.org/once/-/once-1.4.0.tgz",
      "integrity": "sha1-WDsap3WWHUsROsF9nFC6753Xa9E=",
      "requires": {
        "wrappy": "1.0.2"
      }
    },
    "path-is-absolute": {
      "version": "1.0.1",
      "resolved": "https://registry.npmjs.org/path-is-absolute/-/path-is-absolute-1.0.1.tgz",
      "integrity": "sha1-F0uSaHNVNP+8es5r9TpanhtcX18="
    },
    "process-nextick-args": {
      "version": "2.0.0",
      "resolved": "https://registry.npmjs.org/process-nextick-args/-/process-nextick-args-2.0.0.tgz",
      "integrity": "sha512-MtEC1TqN0EU5nephaJ4rAtThHtC86dNN9qCuEhtshvpVBkAW5ZO7BASN9REnF9eoXGcRub+pFuKEpOHE+HbEMw=="
    },
    "readable-stream": {
      "version": "2.3.5",
      "resolved": "https://registry.npmjs.org/readable-stream/-/readable-stream-2.3.5.tgz",
      "integrity": "sha512-tK0yDhrkygt/knjowCUiWP9YdV7c5R+8cR0r/kt9ZhBU906Fs6RpQJCEilamRJj1Nx2rWI6LkW9gKqjTkshhEw==",
      "requires": {
        "core-util-is": "1.0.2",
        "inherits": "2.0.3",
        "isarray": "1.0.0",
        "process-nextick-args": "2.0.0",
        "safe-buffer": "5.1.1",
        "string_decoder": "1.0.3",
        "util-deprecate": "1.0.2"
      }
    },
    "readdirp": {
      "version": "2.1.0",
      "resolved": "https://registry.npmjs.org/readdirp/-/readdirp-2.1.0.tgz",
      "integrity": "sha1-TtCtBg3zBzMAxIRANz9y0cxkLXg=",
      "requires": {
        "graceful-fs": "4.1.11",
        "minimatch": "3.0.4",
        "readable-stream": "2.3.5",
        "set-immediate-shim": "1.0.1"
      }
    },
    "recursive-readdir": {
      "version": "2.2.2",
      "resolved": "https://registry.npmjs.org/recursive-readdir/-/recursive-readdir-2.2.2.tgz",
      "integrity": "sha512-nRCcW9Sj7NuZwa2XvH9co8NPeXUBhZP7CRKJtU+cS6PW9FpCIFoI5ib0NT1ZrbNuPoRy0ylyCaUL8Gih4LSyFg==",
      "requires": {
        "minimatch": "3.0.4"
      }
    },
    "rimraf": {
      "version": "2.6.2",
      "resolved": "https://registry.npmjs.org/rimraf/-/rimraf-2.6.2.tgz",
      "integrity": "sha512-lreewLK/BlghmxtfH36YYVg1i8IAce4TI7oao75I1g245+6BctqTVQiBP3YUJ9C6DQOXJmkYR9X9fCLtCOJc5w==",
      "requires": {
        "glob": "7.1.2"
      }
    },
    "safe-buffer": {
      "version": "5.1.1",
      "resolved": "https://registry.npmjs.org/safe-buffer/-/safe-buffer-5.1.1.tgz",
      "integrity": "sha512-kKvNJn6Mm93gAczWVJg7wH+wGYWNrDHdWvpUmHyEsgCtIwwo3bqPtV4tR5tuPaUhTOo/kvhVwd8XwwOllGYkbg=="
    },
    "set-immediate-shim": {
      "version": "1.0.1",
      "resolved": "https://registry.npmjs.org/set-immediate-shim/-/set-immediate-shim-1.0.1.tgz",
      "integrity": "sha1-SysbJ+uAip+NzEgaWOXlb1mfP2E="
    },
    "string_decoder": {
      "version": "1.0.3",
      "resolved": "https://registry.npmjs.org/string_decoder/-/string_decoder-1.0.3.tgz",
      "integrity": "sha512-4AH6Z5fzNNBcH+6XDMfA/BTt87skxqJlO0lAh3Dker5zThcAxG6mKz+iGu308UKoPPQ8Dcqx/4JhujzltRa+hQ==",
      "requires": {
        "safe-buffer": "5.1.1"
      }
    },
    "tmpl": {
      "version": "1.0.4",
      "resolved": "https://registry.npmjs.org/tmpl/-/tmpl-1.0.4.tgz",
      "integrity": "sha1-I2QN17QtAEM5ERQIIOXPRA5SHdE="
    },
    "util-deprecate": {
      "version": "1.0.2",
      "resolved": "https://registry.npmjs.org/util-deprecate/-/util-deprecate-1.0.2.tgz",
      "integrity": "sha1-RQ1Nyfpw3nMnYvvS1KKJgUGaDM8="
    },
    "walker": {
      "version": "1.0.7",
      "resolved": "https://registry.npmjs.org/walker/-/walker-1.0.7.tgz",
      "integrity": "sha1-L3+bj9ENZ3JisYqITijRlhjgKPs=",
      "requires": {
        "makeerror": "1.0.11"
      }
    },
    "wrappy": {
      "version": "1.0.2",
      "resolved": "https://registry.npmjs.org/wrappy/-/wrappy-1.0.2.tgz",
      "integrity": "sha1-tSQ9jz7BqjXxNkYFvA0QNuMKtp8="
    }
  }
}
